
Microsoft Visual Studio Solution File, Format Version 12.00
# Visual Studio Version 17
VisualStudioVersion = 17.7.34018.315
MinimumVisualStudioVersion = 10.0.40219.1
Project("{9A19103F-16F7-4668-BE54-9A1E7A4F7556}") = "AdventureWorks", "AdventureWorks\AdventureWorks.csproj", "{A8C4C726-CFCE-4E32-88C1-F4CB1FA77E2E}"
EndProject
Project("{9A19103F-16F7-4668-BE54-9A1E7A4F7556}") = "Try00", "Try00\Try00.csproj", "{DF5D4FF3-DFD7-404B-BA18-12B790EC765A}"
EndProject
Project("{9A19103F-16F7-4668-BE54-9A1E7A4F7556}") = "Try01_GroupJoinToSql", "Try01_GroupJoinToSql\Try01_GroupJoinToSql.csproj", "{D99730EF-3BFE-4499-8639-3E0DF119612D}"
EndProject
Project("{FAE04EC0-301F-11D3-BF4B-00C04F79EFBC}") = "Try02_GroupJoinSelectMany", "Try02_GroupJoinSelectMany\Try02_GroupJoinSelectMany.csproj", "{B98D4745-F01D-4C3B-B677-429B5E5502DA}"
EndProject
Project("{FAE04EC0-301F-11D3-BF4B-00C04F79EFBC}") = "Try03_GroupJoinSelectManyFilter", "Try03_GroupJoinSelectManyFilter\Try03_GroupJoinSelectManyFilter.csproj", "{40D4CB28-0EEE-4CBE-9AE1-04D6F922D07B}"
EndProject
Project("{FAE04EC0-301F-11D3-BF4B-00C04F79EFBC}") = "Try04_GroupJoinSelectManyDistinct", "Try04_GroupJoinSelectManyDistinct\Try04_GroupJoinSelectManyDistinct.csproj", "{28B6DDBC-A7FC-4DA6-9E19-2666E855CC11}"
EndProject
Global
	GlobalSection(SolutionConfigurationPlatforms) = preSolution
		Debug|Any CPU = Debug|Any CPU
		Release|Any CPU = Release|Any CPU
	EndGlobalSection
	GlobalSection(ProjectConfigurationPlatforms) = postSolution
		{A8C4C726-CFCE-4E32-88C1-F4CB1FA77E2E}.Debug|Any CPU.ActiveCfg = Debug|Any CPU
		{A8C4C726-CFCE-4E32-88C1-F4CB1FA77E2E}.Debug|Any CPU.Build.0 = Debug|Any CPU
		{A8C4C726-CFCE-4E32-88C1-F4CB1FA77E2E}.Release|Any CPU.ActiveCfg = Release|Any CPU
		{A8C4C726-CFCE-4E32-88C1-F4CB1FA77E2E}.Release|Any CPU.Build.0 = Release|Any CPU
		{DF5D4FF3-DFD7-404B-BA18-12B790EC765A}.Debug|Any CPU.ActiveCfg = Debug|Any CPU
		{DF5D4FF3-DFD7-404B-BA18-12B790EC765A}.Debug|Any CPU.Build.0 = Debug|Any CPU
		{DF5D4FF3-DFD7-404B-BA18-12B790EC765A}.Release|Any CPU.ActiveCfg = Release|Any CPU
		{DF5D4FF3-DFD7-404B-BA18-12B790EC765A}.Release|Any CPU.Build.0 = Release|Any CPU
		{D99730EF-3BFE-4499-8639-3E0DF119612D}.Debug|Any CPU.ActiveCfg = Debug|Any CPU
		{D99730EF-3BFE-4499-8639-3E0DF119612D}.Debug|Any CPU.Build.0 = Debug|Any CPU
		{D99730EF-3BFE-4499-8639-3E0DF119612D}.Release|Any CPU.ActiveCfg = Release|Any CPU
		{D99730EF-3BFE-4499-8639-3E0DF119612D}.Release|Any CPU.Build.0 = Release|Any CPU
		{B98D4745-F01D-4C3B-B677-429B5E5502DA}.Debug|Any CPU.ActiveCfg = Debug|Any CPU
		{B98D4745-F01D-4C3B-B677-429B5E5502DA}.Debug|Any CPU.Build.0 = Debug|Any CPU
		{B98D4745-F01D-4C3B-B677-429B5E5502DA}.Release|Any CPU.ActiveCfg = Release|Any CPU
		{B98D4745-F01D-4C3B-B677-429B5E5502DA}.Release|Any CPU.Build.0 = Release|Any CPU
		{40D4CB28-0EEE-4CBE-9AE1-04D6F922D07B}.Debug|Any CPU.ActiveCfg = Debug|Any CPU
		{40D4CB28-0EEE-4CBE-9AE1-04D6F922D07B}.Debug|Any CPU.Build.0 = Debug|Any CPU
		{40D4CB28-0EEE-4CBE-9AE1-04D6F922D07B}.Release|Any CPU.ActiveCfg = Release|Any CPU
		{40D4CB28-0EEE-4CBE-9AE1-04D6F922D07B}.Release|Any CPU.Build.0 = Release|Any CPU
		{28B6DDBC-A7FC-4DA6-9E19-2666E855CC11}.Debug|Any CPU.ActiveCfg = Debug|Any CPU
		{28B6DDBC-A7FC-4DA6-9E19-2666E855CC11}.Debug|Any CPU.Build.0 = Debug|Any CPU
		{28B6DDBC-A7FC-4DA6-9E19-2666E855CC11}.Release|Any CPU.ActiveCfg = Release|Any CPU
		{28B6DDBC-A7FC-4DA6-9E19-2666E855CC11}.Release|Any CPU.Build.0 = Release|Any CPU
	EndGlobalSection
	GlobalSection(SolutionProperties) = preSolution
		HideSolutionNode = FALSE
	EndGlobalSection
EndGlobal
